speakeasyVersion: 1.693.0
sources:
    example-api:
        sourceNamespace: example-api
        sourceRevisionDigest: sha256:f4716877606229349fe9e29ae0cd85c5ce60e8ebe05757588187c3870eb4d634
        sourceBlobDigest: sha256:6edb88d6e46c17f2092036dde61822512f402a6139187c928ac2f8c1fbc3f870
        tags:
            - latest
            - test-version-bump-1.2.0
targets:
    typescript:
        source: example-api
        sourceNamespace: example-api
        sourceRevisionDigest: sha256:f4716877606229349fe9e29ae0cd85c5ce60e8ebe05757588187c3870eb4d634
        sourceBlobDigest: sha256:6edb88d6e46c17f2092036dde61822512f402a6139187c928ac2f8c1fbc3f870
        codeSamplesNamespace: example-api-typescript-code-samples
        codeSamplesRevisionDigest: sha256:bad2a343db761d3742aea087d565c28f7f7ac656310bb0102859013770296b82
workflow:
    workflowVersion: 1.0.0
    speakeasyVersion: latest
    sources:
        example-api:
            inputs:
                - location: registry.speakeasyapi.dev/speakeasy-self/speakeasy-self/example-api@$TAG
            registry:
                location: registry.speakeasyapi.dev/speakeasy-self/speakeasy-self/example-api
    targets:
        typescript:
            target: typescript
            source: example-api
            output: .
            codeSamples:
                registry:
                    location: registry.speakeasyapi.dev/speakeasy-self/speakeasy-self/example-api-typescript-code-samples
                labelOverride:
                    fixedValue: Typescript (SDK)
                blocking: false
